github.com/Aditya170700/modules-golang v1.0.1 h1:i93sJalJRxNShCpm+YBEC4dUILYlbDYJFpt9jPm+V1c=
github.com/Aditya170700/modules-golang v1.0.1/go.mod h1:aMZRUMlMOuIzZqQSeXaIAadAmLfjtg46XB8s898SI7M=
github.com/Aditya170700/modules-golang v1.0.2 h1:qylMj5gl7As4iLB5JwJDV7GFn2rpx5mk6fcEVWr7+2o=
github.com/Aditya170700/modules-golang v1.0.2/go.mod h1:aMZRUMlMOuIzZqQSeXaIAadAmLfjtg46XB8s898SI7M=
github.com/Aditya170700/modules-golang/v2 v2.0.0 h1:tDjraNyJVN5axirf31g+RQll9Z9vfwKyqmVXrzeyIx8=
github.com/Aditya170700/modules-golang/v2 v2.0.0/go.mod h1:VwNwM/pZhZC4IGd30Frx9bxyekM5CAGy0d5lSzDRJ8Q=
